
Microsoft Visual Studio Solution File, Format Version 12.00
# Visual Studio Version 17
VisualStudioVersion = 17.12.35728.132 d17.12
MinimumVisualStudioVersion = 10.0.40219.1
Project("{FAE04EC0-301F-11D3-BF4B-00C04F79EFBC}") = "FluxSYS-backend", "FluxSYS-backend.csproj", "{438A2259-C74F-43C6-AD88-7486CADCAFCA}"
EndProject
Global
	GlobalSection(SolutionConfigurationPlatforms) = preSolution
		Debug|Any CPU = Debug|Any CPU
		Release|Any CPU = Release|Any CPU
	EndGlobalSection
	GlobalSection(ProjectConfigurationPlatforms) = postSolution
		{438A2259-C74F-43C6-AD88-7486CADCAFCA}.Debug|Any CPU.ActiveCfg = Debug|Any CPU
		{438A2259-C74F-43C6-AD88-7486CADCAFCA}.Debug|Any CPU.Build.0 = Debug|Any CPU
		{438A2259-C74F-43C6-AD88-7486CADCAFCA}.Release|Any CPU.ActiveCfg = Release|Any CPU
		{438A2259-C74F-43C6-AD88-7486CADCAFCA}.Release|Any CPU.Build.0 = Release|Any CPU
	EndGlobalSection
	GlobalSection(SolutionProperties) = preSolution
		HideSolutionNode = FALSE
	EndGlobalSection
EndGlobal
